
Microsoft Visual Studio Solution File, Format Version 11.00
# Visual Studio 2010
Project("{8BC9CEB8-8B4A-11D0-8D11-00A0C91BC942}") = "vmd", "vmd.vcxproj", "{812F8CE0-14B3-47A6-8591-844D2375BABB}"
EndProject
Global
	GlobalSection(SolutionConfigurationPlatforms) = preSolution
		Debug|Win32 = Debug|Win32
		Release|Win32 = Release|Win32
	EndGlobalSection
	GlobalSection(ProjectConfigurationPlatforms) = postSolution
		{812F8CE0-14B3-47A6-8591-844D2375BABB}.Debug|Win32.ActiveCfg = Debug|Win32
		{812F8CE0-14B3-47A6-8591-844D2375BABB}.Debug|Win32.Build.0 = Debug|Win32
		{812F8CE0-14B3-47A6-8591-844D2375BABB}.Release|Win32.ActiveCfg = Release|Win32
		{812F8CE0-14B3-47A6-8591-844D2375BABB}.Release|Win32.Build.0 = Release|Win32
	EndGlobalSection
	GlobalSection(SolutionProperties) = preSolution
		HideSolutionNode = FALSE
	EndGlobalSection
EndGlobal
