<?xml version="1.0" encoding="utf-8"?>
<Project ToolsVersion="4.0" xmlns="http://schemas.microsoft.com/developer/msbuild/2003">
  <ItemGroup>
    <Filter Include="Source Files">
      <UniqueIdentifier>{53082889-757b-47bd-b281-c093b016e0b2}</UniqueIdentifier>
      <Extensions>cpp;c;cxx;rc;def;r;odl;idl;hpj;bat</Extensions>
    </Filter>
    <Filter Include="Header Files">
      <UniqueIdentifier>{efbf8045-8b61-41e0-abf4-2084c71ea5d2}</UniqueIdentifier>
      <Extensions>h;hpp;hxx;hm;inl</Extensions>
    </Filter>
    <Filter Include="Resource Files">
      <UniqueIdentifier>{06c81777-7990-43b9-9f52-fd82bf87a9bb}</UniqueIdentifier>
      <Extensions>ico;cur;bmp;dlg;rc2;rct;bin;rgs;gif;jpg;jpeg;jpe</Extensions>
    </Filter>
  </ItemGroup>
  <ItemGroup>
    <ClCompile Include="dlg_acercade.cpp">
      <Filter>Source Files</Filter>
    </ClCompile>
    <ClCompile Include="dlg_animaciones.cpp">
      <Filter>Source Files</Filter>
    </ClCompile>
    <ClCompile Include="dlg_camara.cpp">
      <Filter>Source Files</Filter>
    </ClCompile>
    <ClCompile Include="dlg_luces.cpp">
      <Filter>Source Files</Filter>
    </ClCompile>
    <ClCompile Include="dlg_luces_op.cpp">
      <Filter>Source Files</Filter>
    </ClCompile>
    <ClCompile Include="dlg_modelos.cpp">
      <Filter>Source Files</Filter>
    </ClCompile>
    <ClCompile Include="dlg_modelos_info.cpp">
      <Filter>Source Files</Filter>
    </ClCompile>
    <ClCompile Include="dlg_preferencias.cpp">
      <Filter>Source Files</Filter>
    </ClCompile>
    <ClCompile Include="Glf.cpp">
      <Filter>Source Files</Filter>
    </ClCompile>
    <ClCompile Include="MainFrm.cpp">
      <Filter>Source Files</Filter>
    </ClCompile>
    <ClCompile Include="StdAfx.cpp">
      <Filter>Source Files</Filter>
    </ClCompile>
    <ClCompile Include="t_glventana.cpp">
      <Filter>Source Files</Filter>
    </ClCompile>
    <ClCompile Include="Timer.cpp">
      <Filter>Source Files</Filter>
    </ClCompile>
    <ClCompile Include="TModelo.cpp">
      <Filter>Source Files</Filter>
    </ClCompile>
    <ClCompile Include="vmd.cpp">
      <Filter>Source Files</Filter>
    </ClCompile>
    <ClCompile Include="vmdDoc.cpp">
      <Filter>Source Files</Filter>
    </ClCompile>
    <ClCompile Include="vmdView.cpp">
      <Filter>Source Files</Filter>
    </ClCompile>
  </ItemGroup>
  <ItemGroup>
    <ResourceCompile Include="vmd.rc">
      <Filter>Source Files</Filter>
    </ResourceCompile>
  </ItemGroup>
  <ItemGroup>
    <ClInclude Include="anorms.h">
      <Filter>Header Files</Filter>
    </ClInclude>
    <ClInclude Include="dlg_acercade.h">
      <Filter>Header Files</Filter>
    </ClInclude>
    <ClInclude Include="dlg_animaciones.h">
      <Filter>Header Files</Filter>
    </ClInclude>
    <ClInclude Include="dlg_camara.h">
      <Filter>Header Files</Filter>
    </ClInclude>
    <ClInclude Include="dlg_luces.h">
      <Filter>Header Files</Filter>
    </ClInclude>
    <ClInclude Include="dlg_luces_op.h">
      <Filter>Header Files</Filter>
    </ClInclude>
    <ClInclude Include="dlg_modelos.h">
      <Filter>Header Files</Filter>
    </ClInclude>
    <ClInclude Include="dlg_modelos_info.h">
      <Filter>Header Files</Filter>
    </ClInclude>
    <ClInclude Include="dlg_preferencias.h">
      <Filter>Header Files</Filter>
    </ClInclude>
    <ClInclude Include="Glf.h">
      <Filter>Header Files</Filter>
    </ClInclude>
    <ClInclude Include="MainFrm.h">
      <Filter>Header Files</Filter>
    </ClInclude>
    <ClInclude Include="Resource.h">
      <Filter>Header Files</Filter>
    </ClInclude>
    <ClInclude Include="StdAfx.h">
      <Filter>Header Files</Filter>
    </ClInclude>
    <ClInclude Include="t_glventana.h">
      <Filter>Header Files</Filter>
    </ClInclude>
    <ClInclude Include="Timer.h">
      <Filter>Header Files</Filter>
    </ClInclude>
    <ClInclude Include="TModelo.h">
      <Filter>Header Files</Filter>
    </ClInclude>
    <ClInclude Include="vmd.h">
      <Filter>Header Files</Filter>
    </ClInclude>
    <ClInclude Include="vmdDoc.h">
      <Filter>Header Files</Filter>
    </ClInclude>
    <ClInclude Include="vmdView.h">
      <Filter>Header Files</Filter>
    </ClInclude>
  </ItemGroup>
  <ItemGroup>
    <None Include="res\Toolbar.bmp">
      <Filter>Resource Files</Filter>
    </None>
    <None Include="res\vmd.ico">
      <Filter>Resource Files</Filter>
    </None>
    <None Include="res\vmdDoc.ico">
      <Filter>Resource Files</Filter>
    </None>
  </ItemGroup>
</Project>